// !$*UTF8*$!
{
	archiveVersion = 1;
	classes = {
	};
	objectVersion = 50;
	objects = {

/* Begin PBXBuildFile section */
		83793B8B243376D2007DD493 /* AppDelegate.swift in Sources */ = {isa = PBXBuildFile; fileRef = 83793B8A243376D2007DD493 /* AppDelegate.swift */; };
		83793B8D243376D2007DD493 /* SceneDelegate.swift in Sources */ = {isa = PBXBuildFile; fileRef = 83793B8C243376D2007DD493 /* SceneDelegate.swift */; };
		83793B91243376D3007DD493 /* Assets.xcassets in Resources */ = {isa = PBXBuildFile; fileRef = 83793B90243376D3007DD493 /* Assets.xcassets */; };
		83793B94243376D3007DD493 /* Preview Assets.xcassets in Resources */ = {isa = PBXBuildFile; fileRef = 83793B93243376D3007DD493 /* Preview Assets.xcassets */; };
		83793B97243376D3007DD493 /* LaunchScreen.storyboard in Resources */ = {isa = PBXBuildFile; fileRef = 83793B95243376D3007DD493 /* LaunchScreen.storyboard */; };
		83793BA024337799007DD493 /* AddMeetView.swift in Sources */ = {isa = PBXBuildFile; fileRef = 83793B9F24337799007DD493 /* AddMeetView.swift */; };
		83793BA324337D90007DD493 /* CardBackground.swift in Sources */ = {isa = PBXBuildFile; fileRef = 83793BA224337D90007DD493 /* CardBackground.swift */; };
		83793BA524338481007DD493 /* Person.swift in Sources */ = {isa = PBXBuildFile; fileRef = 83793BA424338481007DD493 /* Person.swift */; };
		83793BA72433895C007DD493 /* PersonManager.swift in Sources */ = {isa = PBXBuildFile; fileRef = 83793BA62433895C007DD493 /* PersonManager.swift */; };
		83793BA924338B83007DD493 /* MeetView.swift in Sources */ = {isa = PBXBuildFile; fileRef = 83793BA824338B83007DD493 /* MeetView.swift */; };
		83793BAB243394B3007DD493 /* ImagePicker.swift in Sources */ = {isa = PBXBuildFile; fileRef = 83793BAA243394B3007DD493 /* ImagePicker.swift */; };
		83793BAD2433A9C9007DD493 /* PersonView.swift in Sources */ = {isa = PBXBuildFile; fileRef = 83793BAC2433A9C9007DD493 /* PersonView.swift */; };
/* End PBXBuildFile section */

/* Begin PBXFileReference section */
		83793B87243376D2007DD493 /* iMet.app */ = {isa = PBXFileReference; explicitFileType = wrapper.application; includeInIndex = 0; path = iMet.app; sourceTree = BUILT_PRODUCTS_DIR; };
		83793B8A243376D2007DD493 /* AppDelegate.swift */ = {isa = PBXFileReference; lastKnownFileType = sourcecode.swift; path = AppDelegate.swift; sourceTree = "<group>"; };
		83793B8C243376D2007DD493 /* SceneDelegate.swift */ = {isa = PBXFileReference; lastKnownFileType = sourcecode.swift; path = SceneDelegate.swift; sourceTree = "<group>"; };
		83793B90243376D3007DD493 /* Assets.xcassets */ = {isa = PBXFileReference; lastKnownFileType = folder.assetcatalog; path = Assets.xcassets; sourceTree = "<group>"; };
		83793B93243376D3007DD493 /* Preview Assets.xcassets */ = {isa = PBXFileReference; lastKnownFileType = folder.assetcatalog; path = "Preview Assets.xcassets"; sourceTree = "<group>"; };
		83793B96243376D3007DD493 /* Base */ = {isa = PBXFileReference; lastKnownFileType = file.storyboard; name = Base; path = Base.lproj/LaunchScreen.storyboard; sourceTree = "<group>"; };
		83793B98243376D3007DD493 /* Info.plist */ = {isa = PBXFileReference; lastKnownFileType = text.plist.xml; path = Info.plist; sourceTree = "<group>"; };
		83793B9F24337799007DD493 /* AddMeetView.swift */ = {isa = PBXFileReference; lastKnownFileType = sourcecode.swift; path = AddMeetView.swift; sourceTree = "<group>"; };
		83793BA224337D90007DD493 /* CardBackground.swift */ = {isa = PBXFileReference; lastKnownFileType = sourcecode.swift; path = CardBackground.swift; sourceTree = "<group>"; };
		83793BA424338481007DD493 /* Person.swift */ = {isa = PBXFileReference; lastKnownFileType = sourcecode.swift; path = Person.swift; sourceTree = "<group>"; };
		83793BA62433895C007DD493 /* PersonManager.swift */ = {isa = PBXFileReference; lastKnownFileType = sourcecode.swift; path = PersonManager.swift; sourceTree = "<group>"; };
		83793BA824338B83007DD493 /* MeetView.swift */ = {isa = PBXFileReference; lastKnownFileType = sourcecode.swift; path = MeetView.swift; sourceTree = "<group>"; };
		83793BAA243394B3007DD493 /* ImagePicker.swift */ = {isa = PBXFileReference; lastKnownFileType = sourcecode.swift; path = ImagePicker.swift; sourceTree = "<group>"; };
		83793BAC2433A9C9007DD493 /* PersonView.swift */ = {isa = PBXFileReference; lastKnownFileType = sourcecode.swift; path = PersonView.swift; sourceTree = "<group>"; };
/* End PBXFileReference section */

/* Begin PBXFrameworksBuildPhase section */
		83793B84243376D2007DD493 /* Frameworks */ = {
			isa = PBXFrameworksBuildPhase;
			buildActionMask = 2147483647;
			files = (
			);
			runOnlyForDeploymentPostprocessing = 0;
		};
/* End PBXFrameworksBuildPhase section */

/* Begin PBXGroup section */
		83793B7E243376D2007DD493 = {
			isa = PBXGroup;
			children = (
				83793B89243376D2007DD493 /* iMeet */,
				83793B88243376D2007DD493 /* Products */,
			);
			sourceTree = "<group>";
		};
		83793B88243376D2007DD493 /* Products */ = {
			isa = PBXGroup;
			children = (
				83793B87243376D2007DD493 /* iMet.app */,
			);
			name = Products;
			sourceTree = "<group>";
		};
		83793B89243376D2007DD493 /* iMeet */ = {
			isa = PBXGroup;
			children = (
				83793B9E24337781007DD493 /* Views */,
				83793B8A243376D2007DD493 /* AppDelegate.swift */,
				83793B8C243376D2007DD493 /* SceneDelegate.swift */,
				83793B90243376D3007DD493 /* Assets.xcassets */,
				83793B95243376D3007DD493 /* LaunchScreen.storyboard */,
				83793B98243376D3007DD493 /* Info.plist */,
				83793B92243376D3007DD493 /* Preview Content */,
				83793BA424338481007DD493 /* Person.swift */,
				83793BA62433895C007DD493 /* PersonManager.swift */,
			);
			path = iMeet;
			sourceTree = "<group>";
		};
		83793B92243376D3007DD493 /* Preview Content */ = {
			isa = PBXGroup;
			children = (
				83793B93243376D3007DD493 /* Preview Assets.xcassets */,
			);
			path = "Preview Content";
			sourceTree = "<group>";
		};
		83793B9E24337781007DD493 /* Views */ = {
			isa = PBXGroup;
			children = (
				83793BA124337D7C007DD493 /* ViewModifiers */,
				83793B9F24337799007DD493 /* AddMeetView.swift */,
				83793BA824338B83007DD493 /* MeetView.swift */,
				83793BAA243394B3007DD493 /* ImagePicker.swift */,
				83793BAC2433A9C9007DD493 /* PersonView.swift */,
			);
			path = Views;
			sourceTree = "<group>";
		};
		83793BA124337D7C007DD493 /* ViewModifiers */ = {
			isa = PBXGroup;
			children = (
				83793BA224337D90007DD493 /* CardBackground.swift */,
			);
			path = ViewModifiers;
			sourceTree = "<group>";
		};
/* End PBXGroup section */

/* Begin PBXNativeTarget section */
		83793B86243376D2007DD493 /* iMeet */ = {
			isa = PBXNativeTarget;
			buildConfigurationList = 83793B9B243376D3007DD493 /* Build configuration list for PBXNativeTarget "iMeet" */;
			buildPhases = (
				83793B83243376D2007DD493 /* Sources */,
				83793B84243376D2007DD493 /* Frameworks */,
				83793B85243376D2007DD493 /* Resources */,
			);
			buildRules = (
			);
			dependencies = (
			);
			name = iMeet;
			productName = iMeet;
			productReference = 83793B87243376D2007DD493 /* iMet.app */;
			productType = "com.apple.product-type.application";
		};
/* End PBXNativeTarget section */

/* Begin PBXProject section */
		83793B7F243376D2007DD493 /* Project object */ = {
			isa = PBXProject;
			attributes = {
				LastSwiftUpdateCheck = 1140;
				LastUpgradeCheck = 1140;
				ORGANIZATIONNAME = dominator;
				TargetAttributes = {
					83793B86243376D2007DD493 = {
						CreatedOnToolsVersion = 11.4;
					};
				};
			};
			buildConfigurationList = 83793B82243376D2007DD493 /* Build configuration list for PBXProject "iMeet" */;
			compatibilityVersion = "Xcode 9.3";
			developmentRegion = en;
			hasScannedForEncodings = 0;
			knownRegions = (
				en,
				Base,
			);
			mainGroup = 83793B7E243376D2007DD493;
			productRefGroup = 83793B88243376D2007DD493 /* Products */;
			projectDirPath = "";
			projectRoot = "";
			targets = (
				83793B86243376D2007DD493 /* iMeet */,
			);
		};
/* End PBXProject section */

/* Begin PBXResourcesBuildPhase section */
		83793B85243376D2007DD493 /* Resources */ = {
			isa = PBXResourcesBuildPhase;
			buildActionMask = 2147483647;
			files = (
				83793B97243376D3007DD493 /* LaunchScreen.storyboard in Resources */,
				83793B94243376D3007DD493 /* Preview Assets.xcassets in Resources */,
				83793B91243376D3007DD493 /* Assets.xcassets in Resources */,
			);
			runOnlyForDeploymentPostprocessing = 0;
		};
/* End PBXResourcesBuildPhase section */

/* Begin PBXSourcesBuildPhase section */
		83793B83243376D2007DD493 /* Sources */ = {
			isa = PBXSourcesBuildPhase;
			buildActionMask = 2147483647;
			files = (
				83793BAD2433A9C9007DD493 /* PersonView.swift in Sources */,
				83793BA524338481007DD493 /* Person.swift in Sources */,
				83793B8B243376D2007DD493 /* AppDelegate.swift in Sources */,
				83793BA72433895C007DD493 /* PersonManager.swift in Sources */,
				83793B8D243376D2007DD493 /* SceneDelegate.swift in Sources */,
				83793BA924338B83007DD493 /* MeetView.swift in Sources */,
				83793BAB243394B3007DD493 /* ImagePicker.swift in Sources */,
				83793BA024337799007DD493 /* AddMeetView.swift in Sources */,
				83793BA324337D90007DD493 /* CardBackground.swift in Sources */,
			);
			runOnlyForDeploymentPostprocessing = 0;
		};
/* End PBXSourcesBuildPhase section */

/* Begin PBXVariantGroup section */
		83793B95243376D3007DD493 /* LaunchScreen.storyboard */ = {
			isa = PBXVariantGroup;
			children = (
				83793B96243376D3007DD493 /* Base */,
			);
			name = LaunchScreen.storyboard;
			sourceTree = "<group>";
		};
/* End PBXVariantGroup section */

/* Begin XCBuildConfiguration section */
		83793B99243376D3007DD493 /* Debug */ = {
			isa = XCBuildConfiguration;
			buildSettings = {
				ALWAYS_SEARCH_USER_PATHS = NO;
				CLANG_ANALYZER_NONNULL = YES;
				CLANG_ANALYZER_NUMBER_OBJECT_CONVERSION = YES_AGGRESSIVE;
				CLANG_CXX_LANGUAGE_STANDARD = "gnu++14";
				CLANG_CXX_LIBRARY = "libc++";
				CLANG_ENABLE_MODULES = YES;
				CLANG_ENABLE_OBJC_ARC = YES;
				CLANG_ENABLE_OBJC_WEAK = YES;
				CLANG_WARN_BLOCK_CAPTURE_AUTORELEASING = YES;
				CLANG_WARN_BOOL_CONVERSION = YES;
				CLANG_WARN_COMMA = YES;
				CLANG_WARN_CONSTANT_CONVERSION = YES;
				CLANG_WARN_DEPRECATED_OBJC_IMPLEMENTATIONS = YES;
				CLANG_WARN_DIRECT_OBJC_ISA_USAGE = YES_ERROR;
				CLANG_WARN_DOCUMENTATION_COMMENTS = YES;
				CLANG_WARN_EMPTY_BODY = YES;
				CLANG_WARN_ENUM_CONVERSION = YES;
				CLANG_WARN_INFINITE_RECURSION = YES;
				CLANG_WARN_INT_CONVERSION = YES;
				CLANG_WARN_NON_LITERAL_NULL_CONVERSION = YES;
				CLANG_WARN_OBJC_IMPLICIT_RETAIN_SELF = YES;
				CLANG_WARN_OBJC_LITERAL_CONVERSION = YES;
				CLANG_WARN_OBJC_ROOT_CLASS = YES_ERROR;
				CLANG_WARN_RANGE_LOOP_ANALYSIS = YES;
				CLANG_WARN_STRICT_PROTOTYPES = YES;
				CLANG_WARN_SUSPICIOUS_MOVE = YES;
				CLANG_WARN_UNGUARDED_AVAILABILITY = YES_AGGRESSIVE;
				CLANG_WARN_UNREACHABLE_CODE = YES;
				CLANG_WARN__DUPLICATE_METHOD_MATCH = YES;
				COPY_PHASE_STRIP = NO;
				DEBUG_INFORMATION_FORMAT = dwarf;
				ENABLE_STRICT_OBJC_MSGSEND = YES;
				ENABLE_TESTABILITY = YES;
				GCC_C_LANGUAGE_STANDARD = gnu11;
				GCC_DYNAMIC_NO_PIC = NO;
				GCC_NO_COMMON_BLOCKS = YES;
				GCC_OPTIMIZATION_LEVEL = 0;
				GCC_PREPROCESSOR_DEFINITIONS = (
					"DEBUG=1",
					"$(inherited)",
				);
				GCC_WARN_64_TO_32_BIT_CONVERSION = YES;
				GCC_WARN_ABOUT_RETURN_TYPE = YES_ERROR;
				GCC_WARN_UNDECLARED_SELECTOR = YES;
				GCC_WARN_UNINITIALIZED_AUTOS = YES_AGGRESSIVE;
				GCC_WARN_UNUSED_FUNCTION = YES;
				GCC_WARN_UNUSED_VARIABLE = YES;
				IPHONEOS_DEPLOYMENT_TARGET = 13.4;
				MTL_ENABLE_DEBUG_INFO = INCLUDE_SOURCE;
				MTL_FAST_MATH = YES;
				ONLY_ACTIVE_ARCH = YES;
				SDKROOT = iphoneos;
				SWIFT_ACTIVE_COMPILATION_CONDITIONS = DEBUG;
				SWIFT_OPTIMIZATION_LEVEL = "-Onone";
			};
			name = Debug;
		};
		83793B9A243376D3007DD493 /* Release */ = {
			isa = XCBuildConfiguration;
			buildSettings = {
				ALWAYS_SEARCH_USER_PATHS = NO;
				CLANG_ANALYZER_NONNULL = YES;
				CLANG_ANALYZER_NUMBER_OBJECT_CONVERSION = YES_AGGRESSIVE;
				CLANG_CXX_LANGUAGE_STANDARD = "gnu++14";
				CLANG_CXX_LIBRARY = "libc++";
				CLANG_ENABLE_MODULES = YES;
				CLANG_ENABLE_OBJC_ARC = YES;
				CLANG_ENABLE_OBJC_WEAK = YES;
				CLANG_WARN_BLOCK_CAPTURE_AUTORELEASING = YES;
				CLANG_WARN_BOOL_CONVERSION = YES;
				CLANG_WARN_COMMA = YES;
				CLANG_WARN_CONSTANT_CONVERSION = YES;
				CLANG_WARN_DEPRECATED_OBJC_IMPLEMENTATIONS = YES;
				CLANG_WARN_DIRECT_OBJC_ISA_USAGE = YES_ERROR;
				CLANG_WARN_DOCUMENTATION_COMMENTS = YES;
				CLANG_WARN_EMPTY_BODY = YES;
				CLANG_WARN_ENUM_CONVERSION = YES;
				CLANG_WARN_INFINITE_RECURSION = YES;
				CLANG_WARN_INT_CONVERSION = YES;
				CLANG_WARN_NON_LITERAL_NULL_CONVERSION = YES;
				CLANG_WARN_OBJC_IMPLICIT_RETAIN_SELF = YES;
				CLANG_WARN_OBJC_LITERAL_CONVERSION = YES;
				CLANG_WARN_OBJC_ROOT_CLASS = YES_ERROR;
				CLANG_WARN_RANGE_LOOP_ANALYSIS = YES;
				CLANG_WARN_STRICT_PROTOTYPES = YES;
				CLANG_WARN_SUSPICIOUS_MOVE = YES;
				CLANG_WARN_UNGUARDED_AVAILABILITY = YES_AGGRESSIVE;
				CLANG_WARN_UNREACHABLE_CODE = YES;
				CLANG_WARN__DUPLICATE_METHOD_MATCH = YES;
				COPY_PHASE_STRIP = NO;
				DEBUG_INFORMATION_FORMAT = "dwarf-with-dsym";
				ENABLE_NS_ASSERTIONS = NO;
				ENABLE_STRICT_OBJC_MSGSEND = YES;
				GCC_C_LANGUAGE_STANDARD = gnu11;
				GCC_NO_COMMON_BLOCKS = YES;
				GCC_WARN_64_TO_32_BIT_CONVERSION = YES;
				GCC_WARN_ABOUT_RETURN_TYPE = YES_ERROR;
				GCC_WARN_UNDECLARED_SELECTOR = YES;
				GCC_WARN_UNINITIALIZED_AUTOS = YES_AGGRESSIVE;
				GCC_WARN_UNUSED_FUNCTION = YES;
				GCC_WARN_UNUSED_VARIABLE = YES;
				IPHONEOS_DEPLOYMENT_TARGET = 13.4;
				MTL_ENABLE_DEBUG_INFO = NO;
				MTL_FAST_MATH = YES;
				SDKROOT = iphoneos;
				SWIFT_COMPILATION_MODE = wholemodule;
				SWIFT_OPTIMIZATION_LEVEL = "-O";
				VALIDATE_PRODUCT = YES;
			};
			name = Release;
		};
		83793B9C243376D3007DD493 /* Debug */ = {
			isa = XCBuildConfiguration;
			buildSettings = {
				ASSETCATALOG_COMPILER_APPICON_NAME = AppIcon;
				CODE_SIGN_STYLE = Automatic;
				DEVELOPMENT_ASSET_PATHS = "\"iMeet/Preview Content\"";
				DEVELOPMENT_TEAM = NWJALMT777;
				ENABLE_PREVIEWS = YES;
				INFOPLIST_FILE = iMeet/Info.plist;
				LD_RUNPATH_SEARCH_PATHS = (
					"$(inherited)",
					"@executable_path/Frameworks",
				);
				PRODUCT_BUNDLE_IDENTIFIER = co.amitsamant.iMeet;
				PRODUCT_NAME = iMet;
				SWIFT_VERSION = 5.0;
				TARGETED_DEVICE_FAMILY = "1,2";
			};
			name = Debug;
		};
		83793B9D243376D3007DD493 /* Release */ = {
			isa = XCBuildConfiguration;
			buildSettings = {
				ASSETCATALOG_COMPILER_APPICON_NAME = AppIcon;
				CODE_SIGN_STYLE = Automatic;
				DEVELOPMENT_ASSET_PATHS = "\"iMeet/Preview Content\"";
				DEVELOPMENT_TEAM = NWJALMT777;
				ENABLE_PREVIEWS = YES;
				INFOPLIST_FILE = iMeet/Info.plist;
				LD_RUNPATH_SEARCH_PATHS = (
					"$(inherited)",
					"@executable_path/Frameworks",
				);
				PRODUCT_BUNDLE_IDENTIFIER = co.amitsamant.iMeet;
				PRODUCT_NAME = iMet;
				SWIFT_VERSION = 5.0;
				TARGETED_DEVICE_FAMILY = "1,2";
			};
			name = Release;
		};
/* End XCBuildConfiguration section */

/* Begin XCConfigurationList section */
		83793B82243376D2007DD493 /* Build configuration list for PBXProject "iMeet" */ = {
			isa = XCConfigurationList;
			buildConfigurations = (
				83793B99243376D3007DD493 /* Debug */,
				83793B9A243376D3007DD493 /* Release */,
			);
			defaultConfigurationIsVisible = 0;
			defaultConfigurationName = Release;
		};
		83793B9B243376D3007DD493 /* Build configuration list for PBXNativeTarget "iMeet" */ = {
			isa = XCConfigurationList;
			buildConfigurations = (
				83793B9C243376D3007DD493 /* Debug */,
				83793B9D243376D3007DD493 /* Release */,
			);
			defaultConfigurationIsVisible = 0;
			defaultConfigurationName = Release;
		};
/* End XCConfigurationList section */
	};
	rootObject = 83793B7F243376D2007DD493 /* Project object */;
}
